
Microsoft Visual Studio Solution File, Format Version 12.00
# Visual Studio Version 17
VisualStudioVersion = 17.3.32825.248
MinimumVisualStudioVersion = 10.0.40219.1
Project("{FAE04EC0-301F-11D3-BF4B-00C04F79EFBC}") = "EverestEngineeringProject", "EverestEngineeringProject\EverestEngineeringProject.csproj", "{66436799-CA84-4072-997D-CB0F249C637B}"
EndProject
Global
	GlobalSection(SolutionConfigurationPlatforms) = preSolution
		Debug|Any CPU = Debug|Any CPU
		Release|Any CPU = Release|Any CPU
	EndGlobalSection
	GlobalSection(ProjectConfigurationPlatforms) = postSolution
		{66436799-CA84-4072-997D-CB0F249C637B}.Debug|Any CPU.ActiveCfg = Debug|Any CPU
		{66436799-CA84-4072-997D-CB0F249C637B}.Debug|Any CPU.Build.0 = Debug|Any CPU
		{66436799-CA84-4072-997D-CB0F249C637B}.Release|Any CPU.ActiveCfg = Release|Any CPU
		{66436799-CA84-4072-997D-CB0F249C637B}.Release|Any CPU.Build.0 = Release|Any CPU
	EndGlobalSection
	GlobalSection(SolutionProperties) = preSolution
		HideSolutionNode = FALSE
	EndGlobalSection
	GlobalSection(ExtensibilityGlobals) = postSolution
		SolutionGuid = {ACBEFBCB-8AE4-4C9E-B8A0-76CFE5CBD88F}
	EndGlobalSection
EndGlobal
